
Microsoft Visual Studio Solution File, Format Version 12.00
# Visual Studio 15
VisualStudioVersion = 15.0.27004.2005
MinimumVisualStudioVersion = 10.0.40219.1
Project("{FAE04EC0-301F-11D3-BF4B-00C04F79EFBC}") = "Epam_9", "Epam_9\Epam_9.csproj", "{ED17C889-ECE6-4361-974B-9459921DB07C}"
EndProject
Project("{FAE04EC0-301F-11D3-BF4B-00C04F79EFBC}") = "UnitTestForDI", "UnitTestForDI\UnitTestForDI.csproj", "{3FD68CC0-8BC3-4EB4-806B-3F522C3B9BF2}"
EndProject
Global
	GlobalSection(SolutionConfigurationPlatforms) = preSolution
		Debug|Any CPU = Debug|Any CPU
		Release|Any CPU = Release|Any CPU
	EndGlobalSection
	GlobalSection(ProjectConfigurationPlatforms) = postSolution
		{ED17C889-ECE6-4361-974B-9459921DB07C}.Debug|Any CPU.ActiveCfg = Debug|Any CPU
		{ED17C889-ECE6-4361-974B-9459921DB07C}.Debug|Any CPU.Build.0 = Debug|Any CPU
		{ED17C889-ECE6-4361-974B-9459921DB07C}.Release|Any CPU.ActiveCfg = Release|Any CPU
		{ED17C889-ECE6-4361-974B-9459921DB07C}.Release|Any CPU.Build.0 = Release|Any CPU
		{3FD68CC0-8BC3-4EB4-806B-3F522C3B9BF2}.Debug|Any CPU.ActiveCfg = Debug|Any CPU
		{3FD68CC0-8BC3-4EB4-806B-3F522C3B9BF2}.Debug|Any CPU.Build.0 = Debug|Any CPU
		{3FD68CC0-8BC3-4EB4-806B-3F522C3B9BF2}.Release|Any CPU.ActiveCfg = Release|Any CPU
		{3FD68CC0-8BC3-4EB4-806B-3F522C3B9BF2}.Release|Any CPU.Build.0 = Release|Any CPU
	EndGlobalSection
	GlobalSection(SolutionProperties) = preSolution
		HideSolutionNode = FALSE
	EndGlobalSection
	GlobalSection(ExtensibilityGlobals) = postSolution
		SolutionGuid = {1417A138-3D2B-42AC-A798-9577E471059D}
	EndGlobalSection
EndGlobal
