
Microsoft Visual Studio Solution File, Format Version 12.00
# Visual Studio 15
VisualStudioVersion = 15.0.26730.12
MinimumVisualStudioVersion = 10.0.40219.1
Project("{FAE04EC0-301F-11D3-BF4B-00C04F79EFBC}") = "Task2_UnitTests", "Task2_UnitTests\Task2_UnitTests.csproj", "{E8BCB817-B87A-42EA-B161-41823EEA7FE3}"
EndProject
Project("{FAE04EC0-301F-11D3-BF4B-00C04F79EFBC}") = "UnitTestForCalculator", "UnitTestForCalculator\UnitTestForCalculator.csproj", "{E4F46F40-9B5A-4F5F-A445-DDDC12680D43}"
EndProject
Global
	GlobalSection(SolutionConfigurationPlatforms) = preSolution
		Debug|Any CPU = Debug|Any CPU
		Release|Any CPU = Release|Any CPU
	EndGlobalSection
	GlobalSection(ProjectConfigurationPlatforms) = postSolution
		{E8BCB817-B87A-42EA-B161-41823EEA7FE3}.Debug|Any CPU.ActiveCfg = Debug|Any CPU
		{E8BCB817-B87A-42EA-B161-41823EEA7FE3}.Debug|Any CPU.Build.0 = Debug|Any CPU
		{E8BCB817-B87A-42EA-B161-41823EEA7FE3}.Release|Any CPU.ActiveCfg = Release|Any CPU
		{E8BCB817-B87A-42EA-B161-41823EEA7FE3}.Release|Any CPU.Build.0 = Release|Any CPU
		{E4F46F40-9B5A-4F5F-A445-DDDC12680D43}.Debug|Any CPU.ActiveCfg = Debug|Any CPU
		{E4F46F40-9B5A-4F5F-A445-DDDC12680D43}.Debug|Any CPU.Build.0 = Debug|Any CPU
		{E4F46F40-9B5A-4F5F-A445-DDDC12680D43}.Release|Any CPU.ActiveCfg = Release|Any CPU
		{E4F46F40-9B5A-4F5F-A445-DDDC12680D43}.Release|Any CPU.Build.0 = Release|Any CPU
	EndGlobalSection
	GlobalSection(SolutionProperties) = preSolution
		HideSolutionNode = FALSE
	EndGlobalSection
	GlobalSection(ExtensibilityGlobals) = postSolution
		SolutionGuid = {3EFF317D-014E-463C-9C7B-DCC4462847B7}
	EndGlobalSection
EndGlobal
