
Microsoft Visual Studio Solution File, Format Version 12.00
# Visual Studio 15
VisualStudioVersion = 15.0.27004.2005
MinimumVisualStudioVersion = 10.0.40219.1
Project("{FAE04EC0-301F-11D3-BF4B-00C04F79EFBC}") = "Services", "Services\Services.csproj", "{764451C2-DAD1-4C9C-A599-2A6B110B7DAF}"
EndProject
Project("{FAE04EC0-301F-11D3-BF4B-00C04F79EFBC}") = "Services.Common", "Services.Common\Services.Common.csproj", "{472FD6CD-BA1C-406C-997F-E6864EE29638}"
EndProject
Project("{FAE04EC0-301F-11D3-BF4B-00C04F79EFBC}") = "Services.Repository", "Services.Repository\Services.Repository.csproj", "{1C3CE257-23C2-446C-AA0B-55179E3A3EA1}"
EndProject
Project("{FAE04EC0-301F-11D3-BF4B-00C04F79EFBC}") = "ServicesUnitTest", "ServicesUnitTest\ServicesUnitTest.csproj", "{427D4313-103C-410C-8971-8F07F454D798}"
EndProject
Global
	GlobalSection(SolutionConfigurationPlatforms) = preSolution
		Debug|Any CPU = Debug|Any CPU
		Release|Any CPU = Release|Any CPU
	EndGlobalSection
	GlobalSection(ProjectConfigurationPlatforms) = postSolution
		{764451C2-DAD1-4C9C-A599-2A6B110B7DAF}.Debug|Any CPU.ActiveCfg = Debug|Any CPU
		{764451C2-DAD1-4C9C-A599-2A6B110B7DAF}.Debug|Any CPU.Build.0 = Debug|Any CPU
		{764451C2-DAD1-4C9C-A599-2A6B110B7DAF}.Release|Any CPU.ActiveCfg = Release|Any CPU
		{764451C2-DAD1-4C9C-A599-2A6B110B7DAF}.Release|Any CPU.Build.0 = Release|Any CPU
		{472FD6CD-BA1C-406C-997F-E6864EE29638}.Debug|Any CPU.ActiveCfg = Debug|Any CPU
		{472FD6CD-BA1C-406C-997F-E6864EE29638}.Debug|Any CPU.Build.0 = Debug|Any CPU
		{472FD6CD-BA1C-406C-997F-E6864EE29638}.Release|Any CPU.ActiveCfg = Release|Any CPU
		{472FD6CD-BA1C-406C-997F-E6864EE29638}.Release|Any CPU.Build.0 = Release|Any CPU
		{1C3CE257-23C2-446C-AA0B-55179E3A3EA1}.Debug|Any CPU.ActiveCfg = Debug|Any CPU
		{1C3CE257-23C2-446C-AA0B-55179E3A3EA1}.Debug|Any CPU.Build.0 = Debug|Any CPU
		{1C3CE257-23C2-446C-AA0B-55179E3A3EA1}.Release|Any CPU.ActiveCfg = Release|Any CPU
		{1C3CE257-23C2-446C-AA0B-55179E3A3EA1}.Release|Any CPU.Build.0 = Release|Any CPU
		{427D4313-103C-410C-8971-8F07F454D798}.Debug|Any CPU.ActiveCfg = Debug|Any CPU
		{427D4313-103C-410C-8971-8F07F454D798}.Debug|Any CPU.Build.0 = Debug|Any CPU
		{427D4313-103C-410C-8971-8F07F454D798}.Release|Any CPU.ActiveCfg = Release|Any CPU
		{427D4313-103C-410C-8971-8F07F454D798}.Release|Any CPU.Build.0 = Release|Any CPU
	EndGlobalSection
	GlobalSection(SolutionProperties) = preSolution
		HideSolutionNode = FALSE
	EndGlobalSection
	GlobalSection(ExtensibilityGlobals) = postSolution
		SolutionGuid = {8BE90028-71C1-453E-BE04-59C19C734829}
	EndGlobalSection
EndGlobal
