
Microsoft Visual Studio Solution File, Format Version 12.00
# Visual Studio 15
VisualStudioVersion = 15.0.26730.12
MinimumVisualStudioVersion = 10.0.40219.1
Project("{FAE04EC0-301F-11D3-BF4B-00C04F79EFBC}") = "Task6", "Task6\Task6.csproj", "{D00407AE-0E5A-47E3-98DF-E04AB5D07106}"
EndProject
Project("{FAE04EC0-301F-11D3-BF4B-00C04F79EFBC}") = "UnitTestAlgorithms", "UnitTestAlgorithms\UnitTestAlgorithms.csproj", "{A97508DB-875F-4535-989A-79527F546DD0}"
EndProject
Global
	GlobalSection(SolutionConfigurationPlatforms) = preSolution
		Debug|Any CPU = Debug|Any CPU
		Release|Any CPU = Release|Any CPU
	EndGlobalSection
	GlobalSection(ProjectConfigurationPlatforms) = postSolution
		{D00407AE-0E5A-47E3-98DF-E04AB5D07106}.Debug|Any CPU.ActiveCfg = Debug|Any CPU
		{D00407AE-0E5A-47E3-98DF-E04AB5D07106}.Debug|Any CPU.Build.0 = Debug|Any CPU
		{D00407AE-0E5A-47E3-98DF-E04AB5D07106}.Release|Any CPU.ActiveCfg = Release|Any CPU
		{D00407AE-0E5A-47E3-98DF-E04AB5D07106}.Release|Any CPU.Build.0 = Release|Any CPU
		{A97508DB-875F-4535-989A-79527F546DD0}.Debug|Any CPU.ActiveCfg = Debug|Any CPU
		{A97508DB-875F-4535-989A-79527F546DD0}.Debug|Any CPU.Build.0 = Debug|Any CPU
		{A97508DB-875F-4535-989A-79527F546DD0}.Release|Any CPU.ActiveCfg = Release|Any CPU
		{A97508DB-875F-4535-989A-79527F546DD0}.Release|Any CPU.Build.0 = Release|Any CPU
	EndGlobalSection
	GlobalSection(SolutionProperties) = preSolution
		HideSolutionNode = FALSE
	EndGlobalSection
	GlobalSection(ExtensibilityGlobals) = postSolution
		SolutionGuid = {B714D0DA-E46E-46DF-9B5B-840E6B256267}
	EndGlobalSection
EndGlobal
