
Microsoft Visual Studio Solution File, Format Version 12.00
# Visual Studio 15
VisualStudioVersion = 15.0.26730.12
MinimumVisualStudioVersion = 10.0.40219.1
Project("{FAE04EC0-301F-11D3-BF4B-00C04F79EFBC}") = "OOP_Examples", "OOP_Examples\OOP_Examples.csproj", "{635E6B2B-CF56-458C-A4D1-BD4A752BE300}"
EndProject
Global
	GlobalSection(SolutionConfigurationPlatforms) = preSolution
		Debug|Any CPU = Debug|Any CPU
		Release|Any CPU = Release|Any CPU
	EndGlobalSection
	GlobalSection(ProjectConfigurationPlatforms) = postSolution
		{635E6B2B-CF56-458C-A4D1-BD4A752BE300}.Debug|Any CPU.ActiveCfg = Debug|Any CPU
		{635E6B2B-CF56-458C-A4D1-BD4A752BE300}.Debug|Any CPU.Build.0 = Debug|Any CPU
		{635E6B2B-CF56-458C-A4D1-BD4A752BE300}.Release|Any CPU.ActiveCfg = Release|Any CPU
		{635E6B2B-CF56-458C-A4D1-BD4A752BE300}.Release|Any CPU.Build.0 = Release|Any CPU
	EndGlobalSection
	GlobalSection(SolutionProperties) = preSolution
		HideSolutionNode = FALSE
	EndGlobalSection
	GlobalSection(ExtensibilityGlobals) = postSolution
		SolutionGuid = {130E4A64-1950-4735-8C49-88060C7FDD33}
	EndGlobalSection
EndGlobal
