
Microsoft Visual Studio Solution File, Format Version 12.00
# Visual Studio 15
VisualStudioVersion = 15.0.26730.12
MinimumVisualStudioVersion = 10.0.40219.1
Project("{FAE04EC0-301F-11D3-BF4B-00C04F79EFBC}") = "Product", "Product\Product.csproj", "{DF8A7E42-03C5-418A-856C-2F4130F5ACF6}"
EndProject
Project("{FAE04EC0-301F-11D3-BF4B-00C04F79EFBC}") = "UnitTestsForProduct", "UnitTestsForProduct\UnitTestsForProduct.csproj", "{3A9BE62F-FCCE-4CBC-BD28-BE8B7C3ADE37}"
EndProject
Global
	GlobalSection(SolutionConfigurationPlatforms) = preSolution
		Debug|Any CPU = Debug|Any CPU
		Release|Any CPU = Release|Any CPU
	EndGlobalSection
	GlobalSection(ProjectConfigurationPlatforms) = postSolution
		{DF8A7E42-03C5-418A-856C-2F4130F5ACF6}.Debug|Any CPU.ActiveCfg = Debug|Any CPU
		{DF8A7E42-03C5-418A-856C-2F4130F5ACF6}.Debug|Any CPU.Build.0 = Debug|Any CPU
		{DF8A7E42-03C5-418A-856C-2F4130F5ACF6}.Release|Any CPU.ActiveCfg = Release|Any CPU
		{DF8A7E42-03C5-418A-856C-2F4130F5ACF6}.Release|Any CPU.Build.0 = Release|Any CPU
		{3A9BE62F-FCCE-4CBC-BD28-BE8B7C3ADE37}.Debug|Any CPU.ActiveCfg = Debug|Any CPU
		{3A9BE62F-FCCE-4CBC-BD28-BE8B7C3ADE37}.Debug|Any CPU.Build.0 = Debug|Any CPU
		{3A9BE62F-FCCE-4CBC-BD28-BE8B7C3ADE37}.Release|Any CPU.ActiveCfg = Release|Any CPU
		{3A9BE62F-FCCE-4CBC-BD28-BE8B7C3ADE37}.Release|Any CPU.Build.0 = Release|Any CPU
	EndGlobalSection
	GlobalSection(SolutionProperties) = preSolution
		HideSolutionNode = FALSE
	EndGlobalSection
	GlobalSection(ExtensibilityGlobals) = postSolution
		SolutionGuid = {1BD0F690-F6FF-4AB7-B7F6-13244726C141}
	EndGlobalSection
EndGlobal
