
Microsoft Visual Studio Solution File, Format Version 12.00
# Visual Studio 15
VisualStudioVersion = 15.0.27004.2005
MinimumVisualStudioVersion = 10.0.40219.1
Project("{FAE04EC0-301F-11D3-BF4B-00C04F79EFBC}") = "EpamL10", "ClassLibrary2\EpamL10.csproj", "{ED9FED92-333F-4D9B-92EF-7A76AA9056C3}"
EndProject
Global
	GlobalSection(SolutionConfigurationPlatforms) = preSolution
		Debug|Any CPU = Debug|Any CPU
		Release|Any CPU = Release|Any CPU
	EndGlobalSection
	GlobalSection(ProjectConfigurationPlatforms) = postSolution
		{ED9FED92-333F-4D9B-92EF-7A76AA9056C3}.Debug|Any CPU.ActiveCfg = Debug|Any CPU
		{ED9FED92-333F-4D9B-92EF-7A76AA9056C3}.Debug|Any CPU.Build.0 = Debug|Any CPU
		{ED9FED92-333F-4D9B-92EF-7A76AA9056C3}.Release|Any CPU.ActiveCfg = Release|Any CPU
		{ED9FED92-333F-4D9B-92EF-7A76AA9056C3}.Release|Any CPU.Build.0 = Release|Any CPU
	EndGlobalSection
	GlobalSection(SolutionProperties) = preSolution
		HideSolutionNode = FALSE
	EndGlobalSection
	GlobalSection(ExtensibilityGlobals) = postSolution
		SolutionGuid = {4CC31ECA-4C09-4084-8245-2F9ACE635DC8}
	EndGlobalSection
EndGlobal
