
Microsoft Visual Studio Solution File, Format Version 12.00
# Visual Studio 15
VisualStudioVersion = 15.0.26730.12
MinimumVisualStudioVersion = 10.0.40219.1
Project("{FAE04EC0-301F-11D3-BF4B-00C04F79EFBC}") = "Task5", "Task5\Task5.csproj", "{2F4D0965-A82F-457D-BDC6-1E8A6A6C7AF0}"
EndProject
Project("{FAE04EC0-301F-11D3-BF4B-00C04F79EFBC}") = "UnitTestForPoint", "UnitTestForPoint\UnitTestForPoint.csproj", "{E2362686-8119-4105-8D41-FBA8E0145A34}"
EndProject
Global
	GlobalSection(SolutionConfigurationPlatforms) = preSolution
		Debug|Any CPU = Debug|Any CPU
		Release|Any CPU = Release|Any CPU
	EndGlobalSection
	GlobalSection(ProjectConfigurationPlatforms) = postSolution
		{2F4D0965-A82F-457D-BDC6-1E8A6A6C7AF0}.Debug|Any CPU.ActiveCfg = Debug|Any CPU
		{2F4D0965-A82F-457D-BDC6-1E8A6A6C7AF0}.Debug|Any CPU.Build.0 = Debug|Any CPU
		{2F4D0965-A82F-457D-BDC6-1E8A6A6C7AF0}.Release|Any CPU.ActiveCfg = Release|Any CPU
		{2F4D0965-A82F-457D-BDC6-1E8A6A6C7AF0}.Release|Any CPU.Build.0 = Release|Any CPU
		{E2362686-8119-4105-8D41-FBA8E0145A34}.Debug|Any CPU.ActiveCfg = Debug|Any CPU
		{E2362686-8119-4105-8D41-FBA8E0145A34}.Debug|Any CPU.Build.0 = Debug|Any CPU
		{E2362686-8119-4105-8D41-FBA8E0145A34}.Release|Any CPU.ActiveCfg = Release|Any CPU
		{E2362686-8119-4105-8D41-FBA8E0145A34}.Release|Any CPU.Build.0 = Release|Any CPU
	EndGlobalSection
	GlobalSection(SolutionProperties) = preSolution
		HideSolutionNode = FALSE
	EndGlobalSection
	GlobalSection(ExtensibilityGlobals) = postSolution
		SolutionGuid = {8629AC37-67B9-4F13-9875-5597258F8C7A}
	EndGlobalSection
EndGlobal
